# THIS IS AN AUTOGENERATED FILE. DO NOT EDIT THIS FILE DIRECTLY.
# yarn lockfile v1


"@popperjs/core@^2.11.8":
  version "2.11.8"
  resolved "https://registry.yarnpkg.com/@popperjs/core/-/core-2.11.8.tgz#6b79032e760a0899cd4204710beede972a3a185f"
  integrity sha512-P1st0aksCrn9sGZhp8GMYwBnQsbvAWsZAX44oXNNvLHGqAOcoVxmjZiohstwQ7SqKnbR47akdNi+uleWD8+g6A==

bootstrap@^5.3.4:
  version "5.3.4"
  resolved "https://registry.yarnpkg.com/bootstrap/-/bootstrap-5.3.4.tgz#d4d9b670a0322ca60ba57ebcbd67778b61c2642c"
  integrity sha512-q2oK3ZPDTa5I44FTyY3H76+SDTJREvOBxtX1HNLHcxMni50jMvUtOh+dgFdgpsAHtJ9bfNAWr6d6VezJHJ/7tg==

jquery@^3.7.1:
  version "3.7.1"
  resolved "https://registry.npmjs.org/jquery/-/jquery-3.7.1.tgz"
  integrity sha512-m4avr8yL8kmFN8psrbFFFmB/If14iN5o9nw/NgnnM+kybDJpRsAynV2BsfpTYrTRysYUdADVD7CkUUizgkpLfg==
